// !$*UTF8*$!
{
	archiveVersion = 1;
	classes = {
	};
	objectVersion = 46;
	objects = {

/* Begin PBXBuildFile section */
		56FD4D7F1EB48A8300436992 /* main.cpp in Sources */ = {isa = PBXBuildFile; fileRef = 56FD4D7E1EB48A8300436992 /* main.cpp */; };
		A5FB5DAF1EB0678E00906886 /* Peer.cpp in Sources */ = {isa = PBXBuildFile; fileRef = A5FB5DAD1EB0678E00906886 /* Peer.cpp */; };
		A5FB5DB31EB0736700906886 /* Chord.cpp in Sources */ = {isa = PBXBuildFile; fileRef = A5FB5DB11EB0736700906886 /* Chord.cpp */; };
		A5FB5DD41EB3112500906886 /* main.cpp in Sources */ = {isa = PBXBuildFile; fileRef = A5FB5DD31EB3112500906886 /* main.cpp */; };
/* End PBXBuildFile section */

/* Begin PBXCopyFilesBuildPhase section */
		56FD4D7A1EB48A8300436992 /* CopyFiles */ = {
			isa = PBXCopyFilesBuildPhase;
			buildActionMask = 2147483647;
			dstPath = /usr/share/man/man1/;
			dstSubfolderSpec = 0;
			files = (
			);
			runOnlyForDeploymentPostprocessing = 1;
		};
		A5FB5DA11EB058A300906886 /* CopyFiles */ = {
			isa = PBXCopyFilesBuildPhase;
			buildActionMask = 2147483647;
			dstPath = /usr/share/man/man1/;
			dstSubfolderSpec = 0;
			files = (
			);
			runOnlyForDeploymentPostprocessing = 1;
		};
/* End PBXCopyFilesBuildPhase section */

/* Begin PBXFileReference section */
		56FD4D7C1EB48A8300436992 /* filegen */ = {isa = PBXFileReference; explicitFileType = "compiled.mach-o.executable"; includeInIndex = 0; path = filegen; sourceTree = BUILT_PRODUCTS_DIR; };
		56FD4D7E1EB48A8300436992 /* main.cpp */ = {isa = PBXFileReference; lastKnownFileType = sourcecode.cpp.cpp; path = main.cpp; sourceTree = "<group>"; };
		A5FB5DA31EB058A300906886 /* Chord */ = {isa = PBXFileReference; explicitFileType = "compiled.mach-o.executable"; includeInIndex = 0; path = Chord; sourceTree = BUILT_PRODUCTS_DIR; };
		A5FB5DAD1EB0678E00906886 /* Peer.cpp */ = {isa = PBXFileReference; fileEncoding = 4; lastKnownFileType = sourcecode.cpp.cpp; path = Peer.cpp; sourceTree = "<group>"; };
		A5FB5DAE1EB0678E00906886 /* Peer.hpp */ = {isa = PBXFileReference; fileEncoding = 4; lastKnownFileType = sourcecode.cpp.h; path = Peer.hpp; sourceTree = "<group>"; };
		A5FB5DB11EB0736700906886 /* Chord.cpp */ = {isa = PBXFileReference; fileEncoding = 4; lastKnownFileType = sourcecode.cpp.cpp; path = Chord.cpp; sourceTree = "<group>"; };
		A5FB5DB21EB0736700906886 /* Chord.hpp */ = {isa = PBXFileReference; fileEncoding = 4; lastKnownFileType = sourcecode.cpp.h; path = Chord.hpp; sourceTree = "<group>"; };
		A5FB5DD31EB3112500906886 /* main.cpp */ = {isa = PBXFileReference; fileEncoding = 4; lastKnownFileType = sourcecode.cpp.cpp; path = main.cpp; sourceTree = "<group>"; };
/* End PBXFileReference section */

/* Begin PBXFrameworksBuildPhase section */
		56FD4D791EB48A8300436992 /* Frameworks */ = {
			isa = PBXFrameworksBuildPhase;
			buildActionMask = 2147483647;
			files = (
			);
			runOnlyForDeploymentPostprocessing = 0;
		};
		A5FB5DA01EB058A300906886 /* Frameworks */ = {
			isa = PBXFrameworksBuildPhase;
			buildActionMask = 2147483647;
			files = (
			);
			runOnlyForDeploymentPostprocessing = 0;
		};
/* End PBXFrameworksBuildPhase section */

/* Begin PBXGroup section */
		56FD4D7D1EB48A8300436992 /* filegen */ = {
			isa = PBXGroup;
			children = (
				56FD4D7E1EB48A8300436992 /* main.cpp */,
			);
			path = filegen;
			sourceTree = "<group>";
		};
		A5FB5D9A1EB058A300906886 = {
			isa = PBXGroup;
			children = (
				A5FB5DA51EB058A300906886 /* Chord */,
				56FD4D7D1EB48A8300436992 /* filegen */,
				A5FB5DA41EB058A300906886 /* Products */,
			);
			sourceTree = "<group>";
		};
		A5FB5DA41EB058A300906886 /* Products */ = {
			isa = PBXGroup;
			children = (
				A5FB5DA31EB058A300906886 /* Chord */,
				56FD4D7C1EB48A8300436992 /* filegen */,
			);
			name = Products;
			sourceTree = "<group>";
		};
		A5FB5DA51EB058A300906886 /* Chord */ = {
			isa = PBXGroup;
			children = (
				A5FB5DD31EB3112500906886 /* main.cpp */,
				A5FB5DAD1EB0678E00906886 /* Peer.cpp */,
				A5FB5DAE1EB0678E00906886 /* Peer.hpp */,
				A5FB5DB11EB0736700906886 /* Chord.cpp */,
				A5FB5DB21EB0736700906886 /* Chord.hpp */,
			);
			path = Chord;
			sourceTree = "<group>";
		};
/* End PBXGroup section */

/* Begin PBXNativeTarget section */
		56FD4D7B1EB48A8300436992 /* filegen */ = {
			isa = PBXNativeTarget;
			buildConfigurationList = 56FD4D801EB48A8300436992 /* Build configuration list for PBXNativeTarget "filegen" */;
			buildPhases = (
				56FD4D781EB48A8300436992 /* Sources */,
				56FD4D791EB48A8300436992 /* Frameworks */,
				56FD4D7A1EB48A8300436992 /* CopyFiles */,
			);
			buildRules = (
			);
			dependencies = (
			);
			name = filegen;
			productName = filegen;
			productReference = 56FD4D7C1EB48A8300436992 /* filegen */;
			productType = "com.apple.product-type.tool";
		};
		A5FB5DA21EB058A300906886 /* Chord */ = {
			isa = PBXNativeTarget;
			buildConfigurationList = A5FB5DAA1EB058A300906886 /* Build configuration list for PBXNativeTarget "Chord" */;
			buildPhases = (
				A5FB5D9F1EB058A300906886 /* Sources */,
				A5FB5DA01EB058A300906886 /* Frameworks */,
				A5FB5DA11EB058A300906886 /* CopyFiles */,
			);
			buildRules = (
			);
			dependencies = (
			);
			name = Chord;
			productName = Chord;
			productReference = A5FB5DA31EB058A300906886 /* Chord */;
			productType = "com.apple.product-type.tool";
		};
/* End PBXNativeTarget section */

/* Begin PBXProject section */
		A5FB5D9B1EB058A300906886 /* Project object */ = {
			isa = PBXProject;
			attributes = {
				LastUpgradeCheck = 0830;
				ORGANIZATIONNAME = asjad.io;
				TargetAttributes = {
					56FD4D7B1EB48A8300436992 = {
						CreatedOnToolsVersion = 8.3;
						ProvisioningStyle = Automatic;
					};
					A5FB5DA21EB058A300906886 = {
						CreatedOnToolsVersion = 8.3.2;
						ProvisioningStyle = Automatic;
					};
				};
			};
			buildConfigurationList = A5FB5D9E1EB058A300906886 /* Build configuration list for PBXProject "Chord" */;
			compatibilityVersion = "Xcode 3.2";
			developmentRegion = English;
			hasScannedForEncodings = 0;
			knownRegions = (
				en,
			);
			mainGroup = A5FB5D9A1EB058A300906886;
			productRefGroup = A5FB5DA41EB058A300906886 /* Products */;
			projectDirPath = "";
			projectRoot = "";
			targets = (
				A5FB5DA21EB058A300906886 /* Chord */,
				56FD4D7B1EB48A8300436992 /* filegen */,
			);
		};
/* End PBXProject section */

/* Begin PBXSourcesBuildPhase section */
		56FD4D781EB48A8300436992 /* Sources */ = {
			isa = PBXSourcesBuildPhase;
			buildActionMask = 2147483647;
			files = (
				56FD4D7F1EB48A8300436992 /* main.cpp in Sources */,
			);
			runOnlyForDeploymentPostprocessing = 0;
		};
		A5FB5D9F1EB058A300906886 /* Sources */ = {
			isa = PBXSourcesBuildPhase;
			buildActionMask = 2147483647;
			files = (
				A5FB5DB31EB0736700906886 /* Chord.cpp in Sources */,
				A5FB5DAF1EB0678E00906886 /* Peer.cpp in Sources */,
				A5FB5DD41EB3112500906886 /* main.cpp in Sources */,
			);
			runOnlyForDeploymentPostprocessing = 0;
		};
/* End PBXSourcesBuildPhase section */

/* Begin XCBuildConfiguration section */
		56FD4D811EB48A8300436992 /* Debug */ = {
			isa = XCBuildConfiguration;
			buildSettings = {
				PRODUCT_NAME = "$(TARGET_NAME)";
			};
			name = Debug;
		};
		56FD4D821EB48A8300436992 /* Release */ = {
			isa = XCBuildConfiguration;
			buildSettings = {
				PRODUCT_NAME = "$(TARGET_NAME)";
			};
			name = Release;
		};
		A5FB5DA81EB058A300906886 /* Debug */ = {
			isa = XCBuildConfiguration;
			buildSettings = {
				ALWAYS_SEARCH_USER_PATHS = NO;
				CLANG_ANALYZER_NONNULL = YES;
				CLANG_ANALYZER_NUMBER_OBJECT_CONVERSION = YES_AGGRESSIVE;
				CLANG_CXX_LANGUAGE_STANDARD = "gnu++0x";
				CLANG_CXX_LIBRARY = "libc++";
				CLANG_ENABLE_MODULES = YES;
				CLANG_ENABLE_OBJC_ARC = YES;
				CLANG_WARN_BOOL_CONVERSION = YES;
				CLANG_WARN_CONSTANT_CONVERSION = YES;
				CLANG_WARN_DIRECT_OBJC_ISA_USAGE = YES_ERROR;
				CLANG_WARN_DOCUMENTATION_COMMENTS = YES;
				CLANG_WARN_EMPTY_BODY = YES;
				CLANG_WARN_ENUM_CONVERSION = YES;
				CLANG_WARN_INFINITE_RECURSION = YES;
				CLANG_WARN_INT_CONVERSION = YES;
				CLANG_WARN_OBJC_ROOT_CLASS = YES_ERROR;
				CLANG_WARN_SUSPICIOUS_MOVE = YES;
				CLANG_WARN_UNREACHABLE_CODE = YES;
				CLANG_WARN__DUPLICATE_METHOD_MATCH = YES;
				CODE_SIGN_IDENTITY = "-";
				COPY_PHASE_STRIP = NO;
				DEBUG_INFORMATION_FORMAT = dwarf;
				ENABLE_STRICT_OBJC_MSGSEND = YES;
				ENABLE_TESTABILITY = YES;
				GCC_C_LANGUAGE_STANDARD = gnu99;
				GCC_DYNAMIC_NO_PIC = NO;
				GCC_NO_COMMON_BLOCKS = YES;
				GCC_OPTIMIZATION_LEVEL = 0;
				GCC_PREPROCESSOR_DEFINITIONS = (
					"DEBUG=1",
					"$(inherited)",
				);
				GCC_WARN_64_TO_32_BIT_CONVERSION = YES;
				GCC_WARN_ABOUT_RETURN_TYPE = YES_ERROR;
				GCC_WARN_UNDECLARED_SELECTOR = YES;
				GCC_WARN_UNINITIALIZED_AUTOS = YES_AGGRESSIVE;
				GCC_WARN_UNUSED_FUNCTION = YES;
				GCC_WARN_UNUSED_VARIABLE = YES;
				MACOSX_DEPLOYMENT_TARGET = 10.12;
				MTL_ENABLE_DEBUG_INFO = YES;
				ONLY_ACTIVE_ARCH = YES;
				SDKROOT = macosx;
			};
			name = Debug;
		};
		A5FB5DA91EB058A300906886 /* Release */ = {
			isa = XCBuildConfiguration;
			buildSettings = {
				ALWAYS_SEARCH_USER_PATHS = NO;
				CLANG_ANALYZER_NONNULL = YES;
				CLANG_ANALYZER_NUMBER_OBJECT_CONVERSION = YES_AGGRESSIVE;
				CLANG_CXX_LANGUAGE_STANDARD = "gnu++0x";
				CLANG_CXX_LIBRARY = "libc++";
				CLANG_ENABLE_MODULES = YES;
				CLANG_ENABLE_OBJC_ARC = YES;
				CLANG_WARN_BOOL_CONVERSION = YES;
				CLANG_WARN_CONSTANT_CONVERSION = YES;
				CLANG_WARN_DIRECT_OBJC_ISA_USAGE = YES_ERROR;
				CLANG_WARN_DOCUMENTATION_COMMENTS = YES;
				CLANG_WARN_EMPTY_BODY = YES;
				CLANG_WARN_ENUM_CONVERSION = YES;
				CLANG_WARN_INFINITE_RECURSION = YES;
				CLANG_WARN_INT_CONVERSION = YES;
				CLANG_WARN_OBJC_ROOT_CLASS = YES_ERROR;
				CLANG_WARN_SUSPICIOUS_MOVE = YES;
				CLANG_WARN_UNREACHABLE_CODE = YES;
				CLANG_WARN__DUPLICATE_METHOD_MATCH = YES;
				CODE_SIGN_IDENTITY = "-";
				COPY_PHASE_STRIP = NO;
				DEBUG_INFORMATION_FORMAT = "dwarf-with-dsym";
				ENABLE_NS_ASSERTIONS = NO;
				ENABLE_STRICT_OBJC_MSGSEND = YES;
				GCC_C_LANGUAGE_STANDARD = gnu99;
				GCC_NO_COMMON_BLOCKS = YES;
				GCC_WARN_64_TO_32_BIT_CONVERSION = YES;
				GCC_WARN_ABOUT_RETURN_TYPE = YES_ERROR;
				GCC_WARN_UNDECLARED_SELECTOR = YES;
				GCC_WARN_UNINITIALIZED_AUTOS = YES_AGGRESSIVE;
				GCC_WARN_UNUSED_FUNCTION = YES;
				GCC_WARN_UNUSED_VARIABLE = YES;
				MACOSX_DEPLOYMENT_TARGET = 10.12;
				MTL_ENABLE_DEBUG_INFO = NO;
				SDKROOT = macosx;
			};
			name = Release;
		};
		A5FB5DAB1EB058A300906886 /* Debug */ = {
			isa = XCBuildConfiguration;
			buildSettings = {
				PRODUCT_NAME = "$(TARGET_NAME)";
			};
			name = Debug;
		};
		A5FB5DAC1EB058A300906886 /* Release */ = {
			isa = XCBuildConfiguration;
			buildSettings = {
				PRODUCT_NAME = "$(TARGET_NAME)";
			};
			name = Release;
		};
/* End XCBuildConfiguration section */

/* Begin XCConfigurationList section */
		56FD4D801EB48A8300436992 /* Build configuration list for PBXNativeTarget "filegen" */ = {
			isa = XCConfigurationList;
			buildConfigurations = (
				56FD4D811EB48A8300436992 /* Debug */,
				56FD4D821EB48A8300436992 /* Release */,
			);
			defaultConfigurationIsVisible = 0;
		};
		A5FB5D9E1EB058A300906886 /* Build configuration list for PBXProject "Chord" */ = {
			isa = XCConfigurationList;
			buildConfigurations = (
				A5FB5DA81EB058A300906886 /* Debug */,
				A5FB5DA91EB058A300906886 /* Release */,
			);
			defaultConfigurationIsVisible = 0;
			defaultConfigurationName = Release;
		};
		A5FB5DAA1EB058A300906886 /* Build configuration list for PBXNativeTarget "Chord" */ = {
			isa = XCConfigurationList;
			buildConfigurations = (
				A5FB5DAB1EB058A300906886 /* Debug */,
				A5FB5DAC1EB058A300906886 /* Release */,
			);
			defaultConfigurationIsVisible = 0;
			defaultConfigurationName = Release;
		};
/* End XCConfigurationList section */
	};
	rootObject = A5FB5D9B1EB058A300906886 /* Project object */;
}
